
Microsoft Visual Studio Solution File, Format Version 12.00
# Visual Studio Version 16
VisualStudioVersion = 16.0.32630.194
MinimumVisualStudioVersion = 10.0.40219.1
Project("{FAE04EC0-301F-11D3-BF4B-00C04F79EFBC}") = "ASPCoreWebApplication", "ASPCoreWebApplication.csproj", "{5C725D94-04FD-4629-A1A2-286A3A64682B}"
EndProject
Global
	GlobalSection(SolutionConfigurationPlatforms) = preSolution
		Debug|Any CPU = Debug|Any CPU
		Release|Any CPU = Release|Any CPU
	EndGlobalSection
	GlobalSection(ProjectConfigurationPlatforms) = postSolution
		{5C725D94-04FD-4629-A1A2-286A3A64682B}.Debug|Any CPU.ActiveCfg = Debug|Any CPU
		{5C725D94-04FD-4629-A1A2-286A3A64682B}.Debug|Any CPU.Build.0 = Debug|Any CPU
		{5C725D94-04FD-4629-A1A2-286A3A64682B}.Release|Any CPU.ActiveCfg = Release|Any CPU
		{5C725D94-04FD-4629-A1A2-286A3A64682B}.Release|Any CPU.Build.0 = Release|Any CPU
	EndGlobalSection
	GlobalSection(SolutionProperties) = preSolution
		HideSolutionNode = FALSE
	EndGlobalSection
	GlobalSection(ExtensibilityGlobals) = postSolution
		SolutionGuid = {191488D8-8C20-42BB-A7BA-6196890B5B7E}
	EndGlobalSection
EndGlobal
